
Microsoft Visual Studio Solution File, Format Version 12.00
# Visual Studio Version 17
VisualStudioVersion = 17.6.33815.320
MinimumVisualStudioVersion = 10.0.40219.1
Project("{9A19103F-16F7-4668-BE54-9A1E7A4F7556}") = "guarderiaV1", "guarderiaV1\guarderiaV1.csproj", "{9854B570-B645-4DAE-B2FB-A8DEDA550922}"
EndProject
Global
	GlobalSection(SolutionConfigurationPlatforms) = preSolution
		Debug|Any CPU = Debug|Any CPU
		Release|Any CPU = Release|Any CPU
	EndGlobalSection
	GlobalSection(ProjectConfigurationPlatforms) = postSolution
		{9854B570-B645-4DAE-B2FB-A8DEDA550922}.Debug|Any CPU.ActiveCfg = Debug|Any CPU
		{9854B570-B645-4DAE-B2FB-A8DEDA550922}.Debug|Any CPU.Build.0 = Debug|Any CPU
		{9854B570-B645-4DAE-B2FB-A8DEDA550922}.Release|Any CPU.ActiveCfg = Release|Any CPU
		{9854B570-B645-4DAE-B2FB-A8DEDA550922}.Release|Any CPU.Build.0 = Release|Any CPU
	EndGlobalSection
	GlobalSection(SolutionProperties) = preSolution
		HideSolutionNode = FALSE
	EndGlobalSection
	GlobalSection(ExtensibilityGlobals) = postSolution
		SolutionGuid = {18A82167-8359-4BB8-9062-EA9003279373}
	EndGlobalSection
EndGlobal
